// !$*UTF8*$!
{
	archiveVersion = 1;
	classes = {
	};
	objectVersion = 48;
	objects = {

/* Begin PBXBuildFile section */
		242CAC241FD2F97600F145D7 /* main.c in Sources */ = {isa = PBXBuildFile; fileRef = 242CAC231FD2F97600F145D7 /* main.c */; };
		242CAC301FD336D000F145D7 /* blake2b-ref.c in Sources */ = {isa = PBXBuildFile; fileRef = 242CAC2F1FD336D000F145D7 /* blake2b-ref.c */; };
/* End PBXBuildFile section */

/* Begin PBXCopyFilesBuildPhase section */
		242CAC1E1FD2F97600F145D7 /* CopyFiles */ = {
			isa = PBXCopyFilesBuildPhase;
			buildActionMask = 2147483647;
			dstPath = /usr/share/man/man1/;
			dstSubfolderSpec = 0;
			files = (
			);
			runOnlyForDeploymentPostprocessing = 1;
		};
/* End PBXCopyFilesBuildPhase section */

/* Begin PBXFileReference section */
		242CAC201FD2F97600F145D7 /* Simple miner */ = {isa = PBXFileReference; explicitFileType = "compiled.mach-o.executable"; includeInIndex = 0; path = "Simple miner"; sourceTree = BUILT_PRODUCTS_DIR; };
		242CAC231FD2F97600F145D7 /* main.c */ = {isa = PBXFileReference; lastKnownFileType = sourcecode.c.c; path = main.c; sourceTree = "<group>"; };
		242CAC2E1FD336D000F145D7 /* blake2.h */ = {isa = PBXFileReference; fileEncoding = 4; lastKnownFileType = sourcecode.c.h; name = blake2.h; path = "../../../node-blake2-master/src/BLAKE2/ref/blake2.h"; sourceTree = "<group>"; };
		242CAC2F1FD336D000F145D7 /* blake2b-ref.c */ = {isa = PBXFileReference; fileEncoding = 4; lastKnownFileType = sourcecode.c.c; name = "blake2b-ref.c"; path = "../../../node-blake2-master/src/BLAKE2/ref/blake2b-ref.c"; sourceTree = "<group>"; };
		242CAC311FD45DD600F145D7 /* File */ = {isa = PBXFileReference; lastKnownFileType = text; path = File; sourceTree = "<group>"; };
/* End PBXFileReference section */

/* Begin PBXFrameworksBuildPhase section */
		242CAC1D1FD2F97600F145D7 /* Frameworks */ = {
			isa = PBXFrameworksBuildPhase;
			buildActionMask = 2147483647;
			files = (
			);
			runOnlyForDeploymentPostprocessing = 0;
		};
/* End PBXFrameworksBuildPhase section */

/* Begin PBXGroup section */
		242CAC171FD2F97600F145D7 = {
			isa = PBXGroup;
			children = (
				242CAC221FD2F97600F145D7 /* Simple miner */,
				242CAC211FD2F97600F145D7 /* Products */,
			);
			sourceTree = "<group>";
		};
		242CAC211FD2F97600F145D7 /* Products */ = {
			isa = PBXGroup;
			children = (
				242CAC201FD2F97600F145D7 /* Simple miner */,
			);
			name = Products;
			sourceTree = "<group>";
		};
		242CAC221FD2F97600F145D7 /* Simple miner */ = {
			isa = PBXGroup;
			children = (
				242CAC2A1FD3239200F145D7 /* New Group */,
				242CAC231FD2F97600F145D7 /* main.c */,
			);
			path = "Simple miner";
			sourceTree = "<group>";
		};
		242CAC2A1FD3239200F145D7 /* New Group */ = {
			isa = PBXGroup;
			children = (
				242CAC2E1FD336D000F145D7 /* blake2.h */,
				242CAC2F1FD336D000F145D7 /* blake2b-ref.c */,
				242CAC311FD45DD600F145D7 /* File */,
			);
			path = "New Group";
			sourceTree = "<group>";
		};
/* End PBXGroup section */

/* Begin PBXNativeTarget section */
		242CAC1F1FD2F97600F145D7 /* Simple miner */ = {
			isa = PBXNativeTarget;
			buildConfigurationList = 242CAC271FD2F97600F145D7 /* Build configuration list for PBXNativeTarget "Simple miner" */;
			buildPhases = (
				242CAC1C1FD2F97600F145D7 /* Sources */,
				242CAC1D1FD2F97600F145D7 /* Frameworks */,
				242CAC1E1FD2F97600F145D7 /* CopyFiles */,
			);
			buildRules = (
			);
			dependencies = (
			);
			name = "Simple miner";
			productName = "Simple miner";
			productReference = 242CAC201FD2F97600F145D7 /* Simple miner */;
			productType = "com.apple.product-type.tool";
		};
/* End PBXNativeTarget section */

/* Begin PBXProject section */
		242CAC181FD2F97600F145D7 /* Project object */ = {
			isa = PBXProject;
			attributes = {
				LastUpgradeCheck = 0910;
				ORGANIZATIONNAME = "Rinat Kuzmin";
				TargetAttributes = {
					242CAC1F1FD2F97600F145D7 = {
						CreatedOnToolsVersion = 9.1;
						ProvisioningStyle = Automatic;
					};
				};
			};
			buildConfigurationList = 242CAC1B1FD2F97600F145D7 /* Build configuration list for PBXProject "Simple miner" */;
			compatibilityVersion = "Xcode 8.0";
			developmentRegion = en;
			hasScannedForEncodings = 0;
			knownRegions = (
				en,
			);
			mainGroup = 242CAC171FD2F97600F145D7;
			productRefGroup = 242CAC211FD2F97600F145D7 /* Products */;
			projectDirPath = "";
			projectRoot = "";
			targets = (
				242CAC1F1FD2F97600F145D7 /* Simple miner */,
			);
		};
/* End PBXProject section */

/* Begin PBXSourcesBuildPhase section */
		242CAC1C1FD2F97600F145D7 /* Sources */ = {
			isa = PBXSourcesBuildPhase;
			buildActionMask = 2147483647;
			files = (
				242CAC241FD2F97600F145D7 /* main.c in Sources */,
				242CAC301FD336D000F145D7 /* blake2b-ref.c in Sources */,
			);
			runOnlyForDeploymentPostprocessing = 0;
		};
/* End PBXSourcesBuildPhase section */

/* Begin XCBuildConfiguration section */
		242CAC251FD2F97600F145D7 /* Debug */ = {
			isa = XCBuildConfiguration;
			buildSettings = {
				ALWAYS_SEARCH_USER_PATHS = NO;
				CLANG_ANALYZER_NONNULL = YES;
				CLANG_ANALYZER_NUMBER_OBJECT_CONVERSION = YES_AGGRESSIVE;
				CLANG_CXX_LANGUAGE_STANDARD = "gnu++14";
				CLANG_CXX_LIBRARY = "libc++";
				CLANG_ENABLE_MODULES = YES;
				CLANG_ENABLE_OBJC_ARC = YES;
				CLANG_WARN_BLOCK_CAPTURE_AUTORELEASING = YES;
				CLANG_WARN_BOOL_CONVERSION = YES;
				CLANG_WARN_COMMA = YES;
				CLANG_WARN_CONSTANT_CONVERSION = YES;
				CLANG_WARN_DIRECT_OBJC_ISA_USAGE = YES_ERROR;
				CLANG_WARN_DOCUMENTATION_COMMENTS = YES;
				CLANG_WARN_EMPTY_BODY = YES;
				CLANG_WARN_ENUM_CONVERSION = YES;
				CLANG_WARN_INFINITE_RECURSION = YES;
				CLANG_WARN_INT_CONVERSION = YES;
				CLANG_WARN_NON_LITERAL_NULL_CONVERSION = YES;
				CLANG_WARN_OBJC_LITERAL_CONVERSION = YES;
				CLANG_WARN_OBJC_ROOT_CLASS = YES_ERROR;
				CLANG_WARN_RANGE_LOOP_ANALYSIS = YES;
				CLANG_WARN_STRICT_PROTOTYPES = YES;
				CLANG_WARN_SUSPICIOUS_MOVE = YES;
				CLANG_WARN_UNGUARDED_AVAILABILITY = YES_AGGRESSIVE;
				CLANG_WARN_UNREACHABLE_CODE = YES;
				CLANG_WARN__DUPLICATE_METHOD_MATCH = YES;
				CODE_SIGN_IDENTITY = "-";
				COPY_PHASE_STRIP = NO;
				DEBUG_INFORMATION_FORMAT = dwarf;
				ENABLE_STRICT_OBJC_MSGSEND = YES;
				ENABLE_TESTABILITY = YES;
				GCC_C_LANGUAGE_STANDARD = gnu11;
				GCC_DYNAMIC_NO_PIC = NO;
				GCC_NO_COMMON_BLOCKS = YES;
				GCC_OPTIMIZATION_LEVEL = 0;
				GCC_PREPROCESSOR_DEFINITIONS = (
					"DEBUG=1",
					"$(inherited)",
				);
				GCC_WARN_64_TO_32_BIT_CONVERSION = YES;
				GCC_WARN_ABOUT_RETURN_TYPE = YES_ERROR;
				GCC_WARN_UNDECLARED_SELECTOR = YES;
				GCC_WARN_UNINITIALIZED_AUTOS = YES_AGGRESSIVE;
				GCC_WARN_UNUSED_FUNCTION = YES;
				GCC_WARN_UNUSED_VARIABLE = YES;
				MACOSX_DEPLOYMENT_TARGET = 10.12;
				MTL_ENABLE_DEBUG_INFO = YES;
				ONLY_ACTIVE_ARCH = YES;
				SDKROOT = macosx;
			};
			name = Debug;
		};
		242CAC261FD2F97600F145D7 /* Release */ = {
			isa = XCBuildConfiguration;
			buildSettings = {
				ALWAYS_SEARCH_USER_PATHS = NO;
				CLANG_ANALYZER_NONNULL = YES;
				CLANG_ANALYZER_NUMBER_OBJECT_CONVERSION = YES_AGGRESSIVE;
				CLANG_CXX_LANGUAGE_STANDARD = "gnu++14";
				CLANG_CXX_LIBRARY = "libc++";
				CLANG_ENABLE_MODULES = YES;
				CLANG_ENABLE_OBJC_ARC = YES;
				CLANG_WARN_BLOCK_CAPTURE_AUTORELEASING = YES;
				CLANG_WARN_BOOL_CONVERSION = YES;
				CLANG_WARN_COMMA = YES;
				CLANG_WARN_CONSTANT_CONVERSION = YES;
				CLANG_WARN_DIRECT_OBJC_ISA_USAGE = YES_ERROR;
				CLANG_WARN_DOCUMENTATION_COMMENTS = YES;
				CLANG_WARN_EMPTY_BODY = YES;
				CLANG_WARN_ENUM_CONVERSION = YES;
				CLANG_WARN_INFINITE_RECURSION = YES;
				CLANG_WARN_INT_CONVERSION = YES;
				CLANG_WARN_NON_LITERAL_NULL_CONVERSION = YES;
				CLANG_WARN_OBJC_LITERAL_CONVERSION = YES;
				CLANG_WARN_OBJC_ROOT_CLASS = YES_ERROR;
				CLANG_WARN_RANGE_LOOP_ANALYSIS = YES;
				CLANG_WARN_STRICT_PROTOTYPES = YES;
				CLANG_WARN_SUSPICIOUS_MOVE = YES;
				CLANG_WARN_UNGUARDED_AVAILABILITY = YES_AGGRESSIVE;
				CLANG_WARN_UNREACHABLE_CODE = YES;
				CLANG_WARN__DUPLICATE_METHOD_MATCH = YES;
				CODE_SIGN_IDENTITY = "-";
				COPY_PHASE_STRIP = NO;
				DEBUG_INFORMATION_FORMAT = "dwarf-with-dsym";
				ENABLE_NS_ASSERTIONS = NO;
				ENABLE_STRICT_OBJC_MSGSEND = YES;
				GCC_C_LANGUAGE_STANDARD = gnu11;
				GCC_NO_COMMON_BLOCKS = YES;
				GCC_WARN_64_TO_32_BIT_CONVERSION = YES;
				GCC_WARN_ABOUT_RETURN_TYPE = YES_ERROR;
				GCC_WARN_UNDECLARED_SELECTOR = YES;
				GCC_WARN_UNINITIALIZED_AUTOS = YES_AGGRESSIVE;
				GCC_WARN_UNUSED_FUNCTION = YES;
				GCC_WARN_UNUSED_VARIABLE = YES;
				MACOSX_DEPLOYMENT_TARGET = 10.12;
				MTL_ENABLE_DEBUG_INFO = NO;
				SDKROOT = macosx;
			};
			name = Release;
		};
		242CAC281FD2F97600F145D7 /* Debug */ = {
			isa = XCBuildConfiguration;
			buildSettings = {
				ARCHS = "$(ARCHS_STANDARD)";
				CODE_SIGN_STYLE = Automatic;
				PRODUCT_NAME = "$(TARGET_NAME)";
			};
			name = Debug;
		};
		242CAC291FD2F97600F145D7 /* Release */ = {
			isa = XCBuildConfiguration;
			buildSettings = {
				ARCHS = "$(ARCHS_STANDARD)";
				CODE_SIGN_STYLE = Automatic;
				PRODUCT_NAME = "$(TARGET_NAME)";
			};
			name = Release;
		};
/* End XCBuildConfiguration section */

/* Begin XCConfigurationList section */
		242CAC1B1FD2F97600F145D7 /* Build configuration list for PBXProject "Simple miner" */ = {
			isa = XCConfigurationList;
			buildConfigurations = (
				242CAC251FD2F97600F145D7 /* Debug */,
				242CAC261FD2F97600F145D7 /* Release */,
			);
			defaultConfigurationIsVisible = 0;
			defaultConfigurationName = Release;
		};
		242CAC271FD2F97600F145D7 /* Build configuration list for PBXNativeTarget "Simple miner" */ = {
			isa = XCConfigurationList;
			buildConfigurations = (
				242CAC281FD2F97600F145D7 /* Debug */,
				242CAC291FD2F97600F145D7 /* Release */,
			);
			defaultConfigurationIsVisible = 0;
			defaultConfigurationName = Release;
		};
/* End XCConfigurationList section */
	};
	rootObject = 242CAC181FD2F97600F145D7 /* Project object */;
}
